
Microsoft Visual Studio Solution File, Format Version 12.00
# Visual Studio Version 16
VisualStudioVersion = 16.0.29409.12
MinimumVisualStudioVersion = 10.0.40219.1
Project("{FAE04EC0-301F-11D3-BF4B-00C04F79EFBC}") = "SimpleConsoleApp", "SimpleConsoleApp.csproj", "{FD0F2442-6D23-4C23-8A28-21F0E8E3965A}"
EndProject
Project("{E53339B2-1760-4266-BCC7-CA923CBCF16C}") = "docker-compose", "docker-compose.dcproj", "{E7A655EE-8CAB-49CF-9DD0-5604F6EBF65E}"
EndProject
Global
	GlobalSection(SolutionConfigurationPlatforms) = preSolution
		Debug|Any CPU = Debug|Any CPU
		Release|Any CPU = Release|Any CPU
	EndGlobalSection
	GlobalSection(ProjectConfigurationPlatforms) = postSolution
		{FD0F2442-6D23-4C23-8A28-21F0E8E3965A}.Debug|Any CPU.ActiveCfg = Debug|Any CPU
		{FD0F2442-6D23-4C23-8A28-21F0E8E3965A}.Debug|Any CPU.Build.0 = Debug|Any CPU
		{FD0F2442-6D23-4C23-8A28-21F0E8E3965A}.Release|Any CPU.ActiveCfg = Release|Any CPU
		{FD0F2442-6D23-4C23-8A28-21F0E8E3965A}.Release|Any CPU.Build.0 = Release|Any CPU
		{E7A655EE-8CAB-49CF-9DD0-5604F6EBF65E}.Debug|Any CPU.ActiveCfg = Debug|Any CPU
		{E7A655EE-8CAB-49CF-9DD0-5604F6EBF65E}.Debug|Any CPU.Build.0 = Debug|Any CPU
		{E7A655EE-8CAB-49CF-9DD0-5604F6EBF65E}.Release|Any CPU.ActiveCfg = Release|Any CPU
		{E7A655EE-8CAB-49CF-9DD0-5604F6EBF65E}.Release|Any CPU.Build.0 = Release|Any CPU
	EndGlobalSection
	GlobalSection(SolutionProperties) = preSolution
		HideSolutionNode = FALSE
	EndGlobalSection
	GlobalSection(ExtensibilityGlobals) = postSolution
		SolutionGuid = {D283A932-51A7-40CA-B2CD-8EBDF5D6AE91}
	EndGlobalSection
EndGlobal
